
Microsoft Visual Studio Solution File, Format Version 12.00
# Visual Studio Version 17
VisualStudioVersion = 17.2.32616.157
MinimumVisualStudioVersion = 10.0.40219.1
Project("{9A19103F-16F7-4668-BE54-9A1E7A4F7556}") = "CityInfo.API", "CityInfo.API\CityInfo.API.csproj", "{BD8F3FF5-847A-4293-8EDF-07E59412D3F7}"
EndProject
Project("{2150E333-8FDC-42A3-9474-1A3956D46DE8}") = "Solution Items", "Solution Items", "{1690EE10-D8D8-43C5-8699-E4B60F1361E6}"
EndProject
Global
	GlobalSection(SolutionConfigurationPlatforms) = preSolution
		Debug|Any CPU = Debug|Any CPU
		Release|Any CPU = Release|Any CPU
	EndGlobalSection
	GlobalSection(ProjectConfigurationPlatforms) = postSolution
		{BD8F3FF5-847A-4293-8EDF-07E59412D3F7}.Debug|Any CPU.ActiveCfg = Debug|Any CPU
		{BD8F3FF5-847A-4293-8EDF-07E59412D3F7}.Debug|Any CPU.Build.0 = Debug|Any CPU
		{BD8F3FF5-847A-4293-8EDF-07E59412D3F7}.Release|Any CPU.ActiveCfg = Release|Any CPU
		{BD8F3FF5-847A-4293-8EDF-07E59412D3F7}.Release|Any CPU.Build.0 = Release|Any CPU
	EndGlobalSection
	GlobalSection(SolutionProperties) = preSolution
		HideSolutionNode = FALSE
	EndGlobalSection
	GlobalSection(ExtensibilityGlobals) = postSolution
		SolutionGuid = {B46E9D37-C29F-4DF3-8958-533FC0025F9A}
	EndGlobalSection
EndGlobal
